
Microsoft Visual Studio Solution File, Format Version 12.00
# Visual Studio 15
VisualStudioVersion = 15.0.27004.2005
MinimumVisualStudioVersion = 10.0.40219.1
Project("{FAE04EC0-301F-11D3-BF4B-00C04F79EFBC}") = "AsyncTCPClient", "AsyncTCPClient\AsyncTCPClient.csproj", "{ACFFBAFA-6118-41FB-AC9F-6F69C340B3CA}"
EndProject
Global
	GlobalSection(SolutionConfigurationPlatforms) = preSolution
		Debug|Any CPU = Debug|Any CPU
		Release|Any CPU = Release|Any CPU
	EndGlobalSection
	GlobalSection(ProjectConfigurationPlatforms) = postSolution
		{ACFFBAFA-6118-41FB-AC9F-6F69C340B3CA}.Debug|Any CPU.ActiveCfg = Debug|Any CPU
		{ACFFBAFA-6118-41FB-AC9F-6F69C340B3CA}.Debug|Any CPU.Build.0 = Debug|Any CPU
		{ACFFBAFA-6118-41FB-AC9F-6F69C340B3CA}.Release|Any CPU.ActiveCfg = Release|Any CPU
		{ACFFBAFA-6118-41FB-AC9F-6F69C340B3CA}.Release|Any CPU.Build.0 = Release|Any CPU
	EndGlobalSection
	GlobalSection(SolutionProperties) = preSolution
		HideSolutionNode = FALSE
	EndGlobalSection
	GlobalSection(ExtensibilityGlobals) = postSolution
		SolutionGuid = {C9F4AD35-73D4-4EA2-B91F-47A36102A6CD}
	EndGlobalSection
EndGlobal
